// !$*UTF8*$!
{
	archiveVersion = 1;
	classes = {
	};
	objectVersion = 56;
	objects = {

/* Begin PBXBuildFile section */
		1622AEF52967880500F24F2F /* OpenGL.framework in Frameworks */ = {isa = PBXBuildFile; fileRef = 1622AEF42967880500F24F2F /* OpenGL.framework */; };
		1622AEF72967882300F24F2F /* libglfw.3.3.dylib in Frameworks */ = {isa = PBXBuildFile; fileRef = 1622AEF62967882300F24F2F /* libglfw.3.3.dylib */; };
		1622AEF82967882300F24F2F /* libglfw.3.3.dylib in Embed Libraries */ = {isa = PBXBuildFile; fileRef = 1622AEF62967882300F24F2F /* libglfw.3.3.dylib */; settings = {ATTRIBUTES = (CodeSignOnCopy, ); }; };
		1622AEFB2967883100F24F2F /* libGLEW.2.2.0.dylib in Frameworks */ = {isa = PBXBuildFile; fileRef = 1622AEFA2967883100F24F2F /* libGLEW.2.2.0.dylib */; };
		1622AEFC2967883100F24F2F /* libGLEW.2.2.0.dylib in Embed Libraries */ = {isa = PBXBuildFile; fileRef = 1622AEFA2967883100F24F2F /* libGLEW.2.2.0.dylib */; settings = {ATTRIBUTES = (CodeSignOnCopy, ); }; };
		1622AEFE2967884600F24F2F /* libassimp.5.2.4.dylib in Frameworks */ = {isa = PBXBuildFile; fileRef = 1622AEFD2967884600F24F2F /* libassimp.5.2.4.dylib */; };
		1622AEFF2967884600F24F2F /* libassimp.5.2.4.dylib in Embed Libraries */ = {isa = PBXBuildFile; fileRef = 1622AEFD2967884600F24F2F /* libassimp.5.2.4.dylib */; settings = {ATTRIBUTES = (CodeSignOnCopy, ); }; };
		16442C34297584B4003DC8FB /* main.cpp in Sources */ = {isa = PBXBuildFile; fileRef = 16442C32297584B3003DC8FB /* main.cpp */; };
/* End PBXBuildFile section */

/* Begin PBXCopyFilesBuildPhase section */
		1622AEE7296786ED00F24F2F /* CopyFiles */ = {
			isa = PBXCopyFilesBuildPhase;
			buildActionMask = 2147483647;
			dstPath = /usr/share/man/man1/;
			dstSubfolderSpec = 0;
			files = (
			);
			runOnlyForDeploymentPostprocessing = 1;
		};
		1622AEF92967882300F24F2F /* Embed Libraries */ = {
			isa = PBXCopyFilesBuildPhase;
			buildActionMask = 2147483647;
			dstPath = "";
			dstSubfolderSpec = 10;
			files = (
				1622AEFF2967884600F24F2F /* libassimp.5.2.4.dylib in Embed Libraries */,
				1622AEF82967882300F24F2F /* libglfw.3.3.dylib in Embed Libraries */,
				1622AEFC2967883100F24F2F /* libGLEW.2.2.0.dylib in Embed Libraries */,
			);
			name = "Embed Libraries";
			runOnlyForDeploymentPostprocessing = 0;
		};
/* End PBXCopyFilesBuildPhase section */

/* Begin PBXFileReference section */
		1622AEE9296786ED00F24F2F /* solar-system */ = {isa = PBXFileReference; explicitFileType = "compiled.mach-o.executable"; includeInIndex = 0; path = "solar-system"; sourceTree = BUILT_PRODUCTS_DIR; };
		1622AEF42967880500F24F2F /* OpenGL.framework */ = {isa = PBXFileReference; lastKnownFileType = wrapper.framework; name = OpenGL.framework; path = System/Library/Frameworks/OpenGL.framework; sourceTree = SDKROOT; };
		1622AEF62967882300F24F2F /* libglfw.3.3.dylib */ = {isa = PBXFileReference; lastKnownFileType = "compiled.mach-o.dylib"; name = libglfw.3.3.dylib; path = ../../../../../../../../opt/homebrew/Cellar/glfw/3.3.8/lib/libglfw.3.3.dylib; sourceTree = "<group>"; };
		1622AEFA2967883100F24F2F /* libGLEW.2.2.0.dylib */ = {isa = PBXFileReference; lastKnownFileType = "compiled.mach-o.dylib"; name = libGLEW.2.2.0.dylib; path = ../../../../../../../../opt/homebrew/Cellar/glew/2.2.0_1/lib/libGLEW.2.2.0.dylib; sourceTree = "<group>"; };
		1622AEFD2967884600F24F2F /* libassimp.5.2.4.dylib */ = {isa = PBXFileReference; lastKnownFileType = "compiled.mach-o.dylib"; name = libassimp.5.2.4.dylib; path = ../../../../../../../../opt/homebrew/Cellar/assimp/5.2.5/lib/libassimp.5.2.4.dylib; sourceTree = "<group>"; };
		16442C30297584B3003DC8FB /* Textures */ = {isa = PBXFileReference; lastKnownFileType = folder; path = Textures; sourceTree = "<group>"; };
		16442C31297584B3003DC8FB /* shaders */ = {isa = PBXFileReference; lastKnownFileType = folder; path = shaders; sourceTree = "<group>"; };
		16442C32297584B3003DC8FB /* main.cpp */ = {isa = PBXFileReference; fileEncoding = 4; lastKnownFileType = sourcecode.cpp.cpp; path = main.cpp; sourceTree = "<group>"; };
		16442C33297584B4003DC8FB /* include */ = {isa = PBXFileReference; lastKnownFileType = folder; path = include; sourceTree = "<group>"; };
/* End PBXFileReference section */

/* Begin PBXFrameworksBuildPhase section */
		1622AEE6296786ED00F24F2F /* Frameworks */ = {
			isa = PBXFrameworksBuildPhase;
			buildActionMask = 2147483647;
			files = (
				1622AEFE2967884600F24F2F /* libassimp.5.2.4.dylib in Frameworks */,
				1622AEF72967882300F24F2F /* libglfw.3.3.dylib in Frameworks */,
				1622AEFB2967883100F24F2F /* libGLEW.2.2.0.dylib in Frameworks */,
				1622AEF52967880500F24F2F /* OpenGL.framework in Frameworks */,
			);
			runOnlyForDeploymentPostprocessing = 0;
		};
/* End PBXFrameworksBuildPhase section */

/* Begin PBXGroup section */
		1622AEE0296786ED00F24F2F = {
			isa = PBXGroup;
			children = (
				1622AEEB296786ED00F24F2F /* solar-system */,
				1622AEEA296786ED00F24F2F /* Products */,
				1622AEF32967880500F24F2F /* Frameworks */,
			);
			sourceTree = "<group>";
		};
		1622AEEA296786ED00F24F2F /* Products */ = {
			isa = PBXGroup;
			children = (
				1622AEE9296786ED00F24F2F /* solar-system */,
			);
			name = Products;
			sourceTree = "<group>";
		};
		1622AEEB296786ED00F24F2F /* solar-system */ = {
			isa = PBXGroup;
			children = (
				16442C33297584B4003DC8FB /* include */,
				16442C32297584B3003DC8FB /* main.cpp */,
				16442C31297584B3003DC8FB /* shaders */,
				16442C30297584B3003DC8FB /* Textures */,
			);
			path = "solar-system";
			sourceTree = "<group>";
		};
		1622AEF32967880500F24F2F /* Frameworks */ = {
			isa = PBXGroup;
			children = (
				1622AEFD2967884600F24F2F /* libassimp.5.2.4.dylib */,
				1622AEFA2967883100F24F2F /* libGLEW.2.2.0.dylib */,
				1622AEF62967882300F24F2F /* libglfw.3.3.dylib */,
				1622AEF42967880500F24F2F /* OpenGL.framework */,
			);
			name = Frameworks;
			sourceTree = "<group>";
		};
/* End PBXGroup section */

/* Begin PBXNativeTarget section */
		1622AEE8296786ED00F24F2F /* solar-system */ = {
			isa = PBXNativeTarget;
			buildConfigurationList = 1622AEF0296786ED00F24F2F /* Build configuration list for PBXNativeTarget "solar-system" */;
			buildPhases = (
				1622AEE5296786ED00F24F2F /* Sources */,
				1622AEE6296786ED00F24F2F /* Frameworks */,
				1622AEE7296786ED00F24F2F /* CopyFiles */,
				1622AEF92967882300F24F2F /* Embed Libraries */,
			);
			buildRules = (
			);
			dependencies = (
			);
			name = "solar-system";
			productName = "solar-system";
			productReference = 1622AEE9296786ED00F24F2F /* solar-system */;
			productType = "com.apple.product-type.tool";
		};
/* End PBXNativeTarget section */

/* Begin PBXProject section */
		1622AEE1296786ED00F24F2F /* Project object */ = {
			isa = PBXProject;
			attributes = {
				BuildIndependentTargetsInParallel = 1;
				LastUpgradeCheck = 1420;
				TargetAttributes = {
					1622AEE8296786ED00F24F2F = {
						CreatedOnToolsVersion = 14.2;
					};
				};
			};
			buildConfigurationList = 1622AEE4296786ED00F24F2F /* Build configuration list for PBXProject "solar-system" */;
			compatibilityVersion = "Xcode 14.0";
			developmentRegion = en;
			hasScannedForEncodings = 0;
			knownRegions = (
				en,
				Base,
			);
			mainGroup = 1622AEE0296786ED00F24F2F;
			productRefGroup = 1622AEEA296786ED00F24F2F /* Products */;
			projectDirPath = "";
			projectRoot = "";
			targets = (
				1622AEE8296786ED00F24F2F /* solar-system */,
			);
		};
/* End PBXProject section */

/* Begin PBXSourcesBuildPhase section */
		1622AEE5296786ED00F24F2F /* Sources */ = {
			isa = PBXSourcesBuildPhase;
			buildActionMask = 2147483647;
			files = (
				16442C34297584B4003DC8FB /* main.cpp in Sources */,
			);
			runOnlyForDeploymentPostprocessing = 0;
		};
/* End PBXSourcesBuildPhase section */

/* Begin XCBuildConfiguration section */
		1622AEEE296786ED00F24F2F /* Debug */ = {
			isa = XCBuildConfiguration;
			buildSettings = {
				ALWAYS_SEARCH_USER_PATHS = NO;
				CLANG_ANALYZER_NONNULL = YES;
				CLANG_ANALYZER_NUMBER_OBJECT_CONVERSION = YES_AGGRESSIVE;
				CLANG_CXX_LANGUAGE_STANDARD = "gnu++20";
				CLANG_ENABLE_MODULES = YES;
				CLANG_ENABLE_OBJC_ARC = YES;
				CLANG_ENABLE_OBJC_WEAK = YES;
				CLANG_WARN_BLOCK_CAPTURE_AUTORELEASING = YES;
				CLANG_WARN_BOOL_CONVERSION = YES;
				CLANG_WARN_COMMA = YES;
				CLANG_WARN_CONSTANT_CONVERSION = YES;
				CLANG_WARN_DEPRECATED_OBJC_IMPLEMENTATIONS = YES;
				CLANG_WARN_DIRECT_OBJC_ISA_USAGE = YES_ERROR;
				CLANG_WARN_DOCUMENTATION_COMMENTS = YES;
				CLANG_WARN_EMPTY_BODY = YES;
				CLANG_WARN_ENUM_CONVERSION = YES;
				CLANG_WARN_INFINITE_RECURSION = YES;
				CLANG_WARN_INT_CONVERSION = YES;
				CLANG_WARN_NON_LITERAL_NULL_CONVERSION = YES;
				CLANG_WARN_OBJC_IMPLICIT_RETAIN_SELF = YES;
				CLANG_WARN_OBJC_LITERAL_CONVERSION = YES;
				CLANG_WARN_OBJC_ROOT_CLASS = YES_ERROR;
				CLANG_WARN_QUOTED_INCLUDE_IN_FRAMEWORK_HEADER = YES;
				CLANG_WARN_RANGE_LOOP_ANALYSIS = YES;
				CLANG_WARN_STRICT_PROTOTYPES = YES;
				CLANG_WARN_SUSPICIOUS_MOVE = YES;
				CLANG_WARN_UNGUARDED_AVAILABILITY = YES_AGGRESSIVE;
				CLANG_WARN_UNREACHABLE_CODE = YES;
				CLANG_WARN__DUPLICATE_METHOD_MATCH = YES;
				COPY_PHASE_STRIP = NO;
				DEBUG_INFORMATION_FORMAT = dwarf;
				ENABLE_STRICT_OBJC_MSGSEND = YES;
				ENABLE_TESTABILITY = YES;
				GCC_C_LANGUAGE_STANDARD = gnu11;
				GCC_DYNAMIC_NO_PIC = NO;
				GCC_NO_COMMON_BLOCKS = YES;
				GCC_OPTIMIZATION_LEVEL = 0;
				GCC_PREPROCESSOR_DEFINITIONS = (
					"DEBUG=1",
					"$(inherited)",
				);
				GCC_WARN_64_TO_32_BIT_CONVERSION = YES;
				GCC_WARN_ABOUT_RETURN_TYPE = YES_ERROR;
				GCC_WARN_UNDECLARED_SELECTOR = YES;
				GCC_WARN_UNINITIALIZED_AUTOS = YES_AGGRESSIVE;
				GCC_WARN_UNUSED_FUNCTION = YES;
				GCC_WARN_UNUSED_VARIABLE = YES;
				MACOSX_DEPLOYMENT_TARGET = 13.1;
				MTL_ENABLE_DEBUG_INFO = INCLUDE_SOURCE;
				MTL_FAST_MATH = YES;
				ONLY_ACTIVE_ARCH = YES;
				SDKROOT = macosx;
			};
			name = Debug;
		};
		1622AEEF296786ED00F24F2F /* Release */ = {
			isa = XCBuildConfiguration;
			buildSettings = {
				ALWAYS_SEARCH_USER_PATHS = NO;
				CLANG_ANALYZER_NONNULL = YES;
				CLANG_ANALYZER_NUMBER_OBJECT_CONVERSION = YES_AGGRESSIVE;
				CLANG_CXX_LANGUAGE_STANDARD = "gnu++20";
				CLANG_ENABLE_MODULES = YES;
				CLANG_ENABLE_OBJC_ARC = YES;
				CLANG_ENABLE_OBJC_WEAK = YES;
				CLANG_WARN_BLOCK_CAPTURE_AUTORELEASING = YES;
				CLANG_WARN_BOOL_CONVERSION = YES;
				CLANG_WARN_COMMA = YES;
				CLANG_WARN_CONSTANT_CONVERSION = YES;
				CLANG_WARN_DEPRECATED_OBJC_IMPLEMENTATIONS = YES;
				CLANG_WARN_DIRECT_OBJC_ISA_USAGE = YES_ERROR;
				CLANG_WARN_DOCUMENTATION_COMMENTS = YES;
				CLANG_WARN_EMPTY_BODY = YES;
				CLANG_WARN_ENUM_CONVERSION = YES;
				CLANG_WARN_INFINITE_RECURSION = YES;
				CLANG_WARN_INT_CONVERSION = YES;
				CLANG_WARN_NON_LITERAL_NULL_CONVERSION = YES;
				CLANG_WARN_OBJC_IMPLICIT_RETAIN_SELF = YES;
				CLANG_WARN_OBJC_LITERAL_CONVERSION = YES;
				CLANG_WARN_OBJC_ROOT_CLASS = YES_ERROR;
				CLANG_WARN_QUOTED_INCLUDE_IN_FRAMEWORK_HEADER = YES;
				CLANG_WARN_RANGE_LOOP_ANALYSIS = YES;
				CLANG_WARN_STRICT_PROTOTYPES = YES;
				CLANG_WARN_SUSPICIOUS_MOVE = YES;
				CLANG_WARN_UNGUARDED_AVAILABILITY = YES_AGGRESSIVE;
				CLANG_WARN_UNREACHABLE_CODE = YES;
				CLANG_WARN__DUPLICATE_METHOD_MATCH = YES;
				COPY_PHASE_STRIP = NO;
				DEBUG_INFORMATION_FORMAT = "dwarf-with-dsym";
				ENABLE_NS_ASSERTIONS = NO;
				ENABLE_STRICT_OBJC_MSGSEND = YES;
				GCC_C_LANGUAGE_STANDARD = gnu11;
				GCC_NO_COMMON_BLOCKS = YES;
				GCC_WARN_64_TO_32_BIT_CONVERSION = YES;
				GCC_WARN_ABOUT_RETURN_TYPE = YES_ERROR;
				GCC_WARN_UNDECLARED_SELECTOR = YES;
				GCC_WARN_UNINITIALIZED_AUTOS = YES_AGGRESSIVE;
				GCC_WARN_UNUSED_FUNCTION = YES;
				GCC_WARN_UNUSED_VARIABLE = YES;
				MACOSX_DEPLOYMENT_TARGET = 13.1;
				MTL_ENABLE_DEBUG_INFO = NO;
				MTL_FAST_MATH = YES;
				SDKROOT = macosx;
			};
			name = Release;
		};
		1622AEF1296786ED00F24F2F /* Debug */ = {
			isa = XCBuildConfiguration;
			buildSettings = {
				CODE_SIGN_STYLE = Automatic;
				DEVELOPMENT_TEAM = JHU7RBC7JB;
				ENABLE_HARDENED_RUNTIME = YES;
				HEADER_SEARCH_PATHS = (
					"Gráfica/Prática/solar-system/solar-system/include/glad/include",
					/opt/homebrew/include,
					"/Users/luissantos/Documents/Universidade/22:23/Computação",
					"Gráfica/Prática/solar-system/solar-system/include",
					"/Users/luissantos/Documents/Universidade/22:23/Computação",
				);
				LIBRARY_SEARCH_PATHS = (
					"$(inherited)",
					/opt/homebrew/Cellar/glfw/3.3.8/lib,
					/opt/homebrew/Cellar/glew/2.2.0_1/lib,
					/opt/homebrew/Cellar/assimp/5.2.5/lib,
				);
				PRODUCT_NAME = "$(TARGET_NAME)";
			};
			name = Debug;
		};
		1622AEF2296786ED00F24F2F /* Release */ = {
			isa = XCBuildConfiguration;
			buildSettings = {
				CODE_SIGN_STYLE = Automatic;
				DEVELOPMENT_TEAM = JHU7RBC7JB;
				ENABLE_HARDENED_RUNTIME = YES;
				HEADER_SEARCH_PATHS = (
					"Gráfica/Prática/solar-system/solar-system/include/glad/include",
					/opt/homebrew/include,
					"/Users/luissantos/Documents/Universidade/22:23/Computação",
					"Gráfica/Prática/solar-system/solar-system/include",
					"/Users/luissantos/Documents/Universidade/22:23/Computação",
				);
				LIBRARY_SEARCH_PATHS = (
					"$(inherited)",
					/opt/homebrew/Cellar/glfw/3.3.8/lib,
					/opt/homebrew/Cellar/glew/2.2.0_1/lib,
					/opt/homebrew/Cellar/assimp/5.2.5/lib,
				);
				PRODUCT_NAME = "$(TARGET_NAME)";
			};
			name = Release;
		};
/* End XCBuildConfiguration section */

/* Begin XCConfigurationList section */
		1622AEE4296786ED00F24F2F /* Build configuration list for PBXProject "solar-system" */ = {
			isa = XCConfigurationList;
			buildConfigurations = (
				1622AEEE296786ED00F24F2F /* Debug */,
				1622AEEF296786ED00F24F2F /* Release */,
			);
			defaultConfigurationIsVisible = 0;
			defaultConfigurationName = Release;
		};
		1622AEF0296786ED00F24F2F /* Build configuration list for PBXNativeTarget "solar-system" */ = {
			isa = XCConfigurationList;
			buildConfigurations = (
				1622AEF1296786ED00F24F2F /* Debug */,
				1622AEF2296786ED00F24F2F /* Release */,
			);
			defaultConfigurationIsVisible = 0;
			defaultConfigurationName = Release;
		};
/* End XCConfigurationList section */
	};
	rootObject = 1622AEE1296786ED00F24F2F /* Project object */;
}
